
Microsoft Visual Studio Solution File, Format Version 12.00
# Visual Studio 15
VisualStudioVersion = 15.0.26124.0
MinimumVisualStudioVersion = 15.0.26124.0
Project("{FAE04EC0-301F-11D3-BF4B-00C04F79EFBC}") = "TournamentConstructor", "TournamentConstructor\TournamentConstructor.csproj", "{BF4B4666-A69B-4CEF-BDE5-3DD678C1B41B}"
EndProject
Project("{FAE04EC0-301F-11D3-BF4B-00C04F79EFBC}") = "CommonTest", "CommonTest\CommonTest.csproj", "{815709E8-F8AD-4FFE-A103-ECACCE4FEFB0}"
EndProject
Global
	GlobalSection(SolutionConfigurationPlatforms) = preSolution
		Debug|Any CPU = Debug|Any CPU
		Debug|x64 = Debug|x64
		Debug|x86 = Debug|x86
		Release|Any CPU = Release|Any CPU
		Release|x64 = Release|x64
		Release|x86 = Release|x86
	EndGlobalSection
	GlobalSection(SolutionProperties) = preSolution
		HideSolutionNode = FALSE
	EndGlobalSection
	GlobalSection(ProjectConfigurationPlatforms) = postSolution
		{BF4B4666-A69B-4CEF-BDE5-3DD678C1B41B}.Debug|Any CPU.ActiveCfg = Debug|Any CPU
		{BF4B4666-A69B-4CEF-BDE5-3DD678C1B41B}.Debug|Any CPU.Build.0 = Debug|Any CPU
		{BF4B4666-A69B-4CEF-BDE5-3DD678C1B41B}.Debug|x64.ActiveCfg = Debug|x64
		{BF4B4666-A69B-4CEF-BDE5-3DD678C1B41B}.Debug|x64.Build.0 = Debug|x64
		{BF4B4666-A69B-4CEF-BDE5-3DD678C1B41B}.Debug|x86.ActiveCfg = Debug|x86
		{BF4B4666-A69B-4CEF-BDE5-3DD678C1B41B}.Debug|x86.Build.0 = Debug|x86
		{BF4B4666-A69B-4CEF-BDE5-3DD678C1B41B}.Release|Any CPU.ActiveCfg = Release|Any CPU
		{BF4B4666-A69B-4CEF-BDE5-3DD678C1B41B}.Release|Any CPU.Build.0 = Release|Any CPU
		{BF4B4666-A69B-4CEF-BDE5-3DD678C1B41B}.Release|x64.ActiveCfg = Release|x64
		{BF4B4666-A69B-4CEF-BDE5-3DD678C1B41B}.Release|x64.Build.0 = Release|x64
		{BF4B4666-A69B-4CEF-BDE5-3DD678C1B41B}.Release|x86.ActiveCfg = Release|x86
		{BF4B4666-A69B-4CEF-BDE5-3DD678C1B41B}.Release|x86.Build.0 = Release|x86
		{815709E8-F8AD-4FFE-A103-ECACCE4FEFB0}.Debug|Any CPU.ActiveCfg = Debug|Any CPU
		{815709E8-F8AD-4FFE-A103-ECACCE4FEFB0}.Debug|Any CPU.Build.0 = Debug|Any CPU
		{815709E8-F8AD-4FFE-A103-ECACCE4FEFB0}.Debug|x64.ActiveCfg = Debug|x64
		{815709E8-F8AD-4FFE-A103-ECACCE4FEFB0}.Debug|x64.Build.0 = Debug|x64
		{815709E8-F8AD-4FFE-A103-ECACCE4FEFB0}.Debug|x86.ActiveCfg = Debug|x86
		{815709E8-F8AD-4FFE-A103-ECACCE4FEFB0}.Debug|x86.Build.0 = Debug|x86
		{815709E8-F8AD-4FFE-A103-ECACCE4FEFB0}.Release|Any CPU.ActiveCfg = Release|Any CPU
		{815709E8-F8AD-4FFE-A103-ECACCE4FEFB0}.Release|Any CPU.Build.0 = Release|Any CPU
		{815709E8-F8AD-4FFE-A103-ECACCE4FEFB0}.Release|x64.ActiveCfg = Release|x64
		{815709E8-F8AD-4FFE-A103-ECACCE4FEFB0}.Release|x64.Build.0 = Release|x64
		{815709E8-F8AD-4FFE-A103-ECACCE4FEFB0}.Release|x86.ActiveCfg = Release|x86
		{815709E8-F8AD-4FFE-A103-ECACCE4FEFB0}.Release|x86.Build.0 = Release|x86
	EndGlobalSection
EndGlobal
